Microsoft Visual Studio Solution File, Format Version 11.00
# Visual Studio 2008

Project("{DEBA6920-E706-1540-1385-FE1FB5A379EC}") = "Russian", "Assembly-CSharp.csproj", "{4007AB30-3C0B-BB6E-AE16-AAEB802BB9F0}"
EndProject
Global
	GlobalSection(SolutionConfigurationPlatforms) = preSolution
		Debug|Any CPU = Debug|Any CPU
		Release|Any CPU = Release|Any CPU
	EndGlobalSection
	GlobalSection(ProjectConfigurationPlatforms) = postSolution
		{4007AB30-3C0B-BB6E-AE16-AAEB802BB9F0}.Debug|Any CPU.ActiveCfg = Debug|Any CPU
		{4007AB30-3C0B-BB6E-AE16-AAEB802BB9F0}.Debug|Any CPU.Build.0 = Debug|Any CPU
		{4007AB30-3C0B-BB6E-AE16-AAEB802BB9F0}.Release|Any CPU.ActiveCfg = Release|Any CPU
		{4007AB30-3C0B-BB6E-AE16-AAEB802BB9F0}.Release|Any CPU.Build.0 = Release|Any CPU
	EndGlobalSection
	GlobalSection(SolutionProperties) = preSolution
		HideSolutionNode = FALSE
	EndGlobalSection
	GlobalSection(MonoDevelopProperties) = preSolution
		StartupItem = Assembly-CSharp.csproj
	EndGlobalSection
EndGlobal
